{
  "version": 4,
  "terraform_version": "1.14.3",
  "serial": 9,
  "lineage": "b158ce5d-1a82-0a5d-8a06-01fe5d475b8e",
  "outputs": {
    "controller_id": {
      "value": "evpn1",
      "type": "string"
    },
    "fabric_id": {
      "value": "tfab",
      "type": "string"
    },
    "node": {
      "value": "dv02hyp002p02",
      "type": "string"
    },
    "vtep_loopback": {
      "value": "10.20.255.2",
      "type": "string"
    }
  },
  "resources": [
    {
      "mode": "managed",
      "type": "proxmox_sdn_applier",
      "name": "fabric",
      "provider": "provider[\"registry.terraform.io/bpg/proxmox\"]",
      "instances": [
        {
          "schema_version": 0,
          "attributes": {
            "id": "1788179304317",
            "on_create": true,
            "on_destroy": true
          },
          "sensitive_attributes": [],
          "identity_schema_version": 0,
          "dependencies": [
            "proxmox_sdn_applier.finalizer",
            "proxmox_sdn_controller_evpn.tenant",
            "proxmox_sdn_fabric_node_openfabric.this",
            "proxmox_sdn_fabric_openfabric.tenant"
          ]
        }
      ]
    },
    {
      "mode": "managed",
      "type": "proxmox_sdn_applier",
      "name": "finalizer",
      "provider": "provider[\"registry.terraform.io/bpg/proxmox\"]",
      "instances": [
        {
          "schema_version": 0,
          "attributes": {
            "id": "1788179301158",
            "on_create": true,
            "on_destroy": true
          },
          "sensitive_attributes": [],
          "identity_schema_version": 0
        }
      ]
    },
    {
      "mode": "managed",
      "type": "proxmox_sdn_controller_evpn",
      "name": "tenant",
      "provider": "provider[\"registry.terraform.io/bpg/proxmox\"]",
      "instances": [
        {
          "schema_version": 0,
          "attributes": {
            "asn": 65020,
            "digest": null,
            "fabric": "tfab",
            "id": "evpn1",
            "peers": null
          },
          "sensitive_attributes": [],
          "identity_schema_version": 0,
          "dependencies": [
            "proxmox_sdn_applier.finalizer",
            "proxmox_sdn_fabric_openfabric.tenant"
          ]
        }
      ]
    },
    {
      "mode": "managed",
      "type": "proxmox_sdn_fabric_node_openfabric",
      "name": "this",
      "provider": "provider[\"registry.terraform.io/bpg/proxmox\"]",
      "instances": [
        {
          "schema_version": 0,
          "attributes": {
            "fabric_id": "tfab",
            "id": "tfab/dv02hyp002p02",
            "interface_names": [
              "vmbr0.51"
            ],
            "ip": "10.20.255.2",
            "ip6": null,
            "node_id": "dv02hyp002p02"
          },
          "sensitive_attributes": [],
          "identity_schema_version": 0,
          "dependencies": [
            "proxmox_sdn_applier.finalizer",
            "proxmox_sdn_fabric_openfabric.tenant"
          ]
        }
      ]
    },
    {
      "mode": "managed",
      "type": "proxmox_sdn_fabric_openfabric",
      "name": "tenant",
      "provider": "provider[\"registry.terraform.io/bpg/proxmox\"]",
      "instances": [
        {
          "schema_version": 0,
          "attributes": {
            "csnp_interval": null,
            "hello_interval": null,
            "id": "tfab",
            "ip6_prefix": null,
            "ip_prefix": "10.20.255.0/24"
          },
          "sensitive_attributes": [],
          "identity_schema_version": 0,
          "dependencies": [
            "proxmox_sdn_applier.finalizer"
          ]
        }
      ]
    }
  ],
  "check_results": [
    {
      "object_kind": "var",
      "config_addr": "var.fabric_id",
      "status": "pass",
      "objects": [
        {
          "object_addr": "var.fabric_id",
          "status": "pass"
        }
      ]
    }
  ]
}
