{
  "version": 4,
  "terraform_version": "1.14.3",
  "serial": 7,
  "lineage": "25c1d69e-f7d9-f010-8ca6-300d1ce1d1fc",
  "outputs": {
    "gateway": {
      "value": "10.20.129.1",
      "type": "string"
    },
    "subnet": {
      "value": "10.20.129.0/24",
      "type": "string"
    },
    "vm_names": {
      "value": [
        "tdemo-1"
      ],
      "type": [
        "tuple",
        [
          "string"
        ]
      ]
    },
    "vnet_ids": {
      "value": [
        "tdemo0"
      ],
      "type": [
        "tuple",
        [
          "string"
        ]
      ]
    },
    "vrf_vni": {
      "value": 10001,
      "type": "number"
    }
  },
  "resources": [
    {
      "mode": "data",
      "type": "terraform_remote_state",
      "name": "fabric",
      "provider": "provider[\"terraform.io/builtin/terraform\"]",
      "instances": [
        {
          "schema_version": 0,
          "attributes": {
            "backend": "local",
            "config": {
              "value": {
                "path": "./../../../fabric/dvntm-hv02/terraform.tfstate"
              },
              "type": [
                "object",
                {
                  "path": "string"
                }
              ]
            },
            "defaults": null,
            "outputs": {
              "value": {
                "controller_id": "evpn1",
                "fabric_id": "tfab",
                "node": "pve2",
                "vtep_loopback": "10.20.255.2"
              },
              "type": [
                "object",
                {
                  "controller_id": "string",
                  "fabric_id": "string",
                  "node": "string",
                  "vtep_loopback": "string"
                }
              ]
            },
            "workspace": null
          },
          "sensitive_attributes": [],
          "identity_schema_version": 0
        }
      ]
    },
    {
      "module": "module.tenant",
      "mode": "managed",
      "type": "proxmox_sdn_applier",
      "name": "finalizer",
      "provider": "provider[\"registry.terraform.io/bpg/proxmox\"]",
      "instances": [
        {
          "schema_version": 0,
          "attributes": {
            "id": "1788179497677",
            "on_create": true,
            "on_destroy": true
          },
          "sensitive_attributes": [],
          "identity_schema_version": 0
        }
      ]
    },
    {
      "module": "module.tenant",
      "mode": "managed",
      "type": "proxmox_sdn_applier",
      "name": "tenant",
      "provider": "provider[\"registry.terraform.io/bpg/proxmox\"]",
      "instances": [
        {
          "schema_version": 0,
          "attributes": {
            "id": "1788179499832",
            "on_create": true,
            "on_destroy": true
          },
          "sensitive_attributes": [],
          "identity_schema_version": 0,
          "dependencies": [
            "data.terraform_remote_state.fabric",
            "module.tenant.proxmox_sdn_applier.finalizer",
            "module.tenant.proxmox_sdn_subnet.this",
            "module.tenant.proxmox_sdn_vnet.this",
            "module.tenant.proxmox_sdn_zone_evpn.this"
          ]
        }
      ]
    },
    {
      "module": "module.tenant",
      "mode": "managed",
      "type": "proxmox_sdn_subnet",
      "name": "this",
      "provider": "provider[\"registry.terraform.io/bpg/proxmox\"]",
      "instances": [
        {
          "schema_version": 0,
          "attributes": {
            "cidr": "10.20.129.0/24",
            "dhcp_dns_server": "10.20.129.1",
            "dhcp_range": {
              "end_address": "10.20.129.200",
              "start_address": "10.20.129.100"
            },
            "dns_zone_prefix": null,
            "gateway": "10.20.129.1",
            "id": "tdemo-10.20.129.0-24",
            "snat": true,
            "vnet": "tdemo0"
          },
          "sensitive_attributes": [],
          "identity_schema_version": 0,
          "dependencies": [
            "data.terraform_remote_state.fabric",
            "module.tenant.proxmox_sdn_applier.finalizer",
            "module.tenant.proxmox_sdn_vnet.this",
            "module.tenant.proxmox_sdn_zone_evpn.this"
          ]
        }
      ]
    },
    {
      "module": "module.tenant",
      "mode": "managed",
      "type": "proxmox_sdn_vnet",
      "name": "this",
      "provider": "provider[\"registry.terraform.io/bpg/proxmox\"]",
      "instances": [
        {
          "index_key": "0",
          "schema_version": 0,
          "attributes": {
            "alias": null,
            "id": "tdemo0",
            "isolate_ports": null,
            "tag": 20010,
            "vlan_aware": null,
            "zone": "tdemo"
          },
          "sensitive_attributes": [],
          "identity_schema_version": 0,
          "dependencies": [
            "data.terraform_remote_state.fabric",
            "module.tenant.proxmox_sdn_applier.finalizer",
            "module.tenant.proxmox_sdn_zone_evpn.this"
          ]
        }
      ]
    },
    {
      "module": "module.tenant",
      "mode": "managed",
      "type": "proxmox_sdn_zone_evpn",
      "name": "this",
      "provider": "provider[\"registry.terraform.io/bpg/proxmox\"]",
      "instances": [
        {
          "schema_version": 0,
          "attributes": {
            "advertise_subnets": true,
            "controller": "evpn1",
            "disable_arp_nd_suppression": false,
            "dns": null,
            "dns_zone": null,
            "exit_nodes": [
              "pve2"
            ],
            "exit_nodes_local_routing": false,
            "id": "tdemo",
            "ipam": "pve",
            "mtu": 1450,
            "nodes": [
              "pve2"
            ],
            "pending": true,
            "primary_exit_node": "pve2",
            "reverse_dns": null,
            "rt_import": null,
            "state": "new",
            "vrf_vxlan": 10001
          },
          "sensitive_attributes": [],
          "identity_schema_version": 0,
          "dependencies": [
            "data.terraform_remote_state.fabric",
            "module.tenant.proxmox_sdn_applier.finalizer"
          ]
        }
      ]
    }
  ],
  "check_results": [
    {
      "object_kind": "var",
      "config_addr": "module.tenant.var.tenant_name",
      "status": "pass",
      "objects": [
        {
          "object_addr": "module.tenant.var.tenant_name",
          "status": "pass"
        }
      ]
    }
  ]
}
