{
  "version": 4,
  "terraform_version": "1.14.3",
  "serial": 19,
  "lineage": "25c1d69e-f7d9-f010-8ca6-300d1ce1d1fc",
  "outputs": {
    "gateway": {
      "value": "10.20.129.1",
      "type": "string"
    },
    "subnet": {
      "value": "10.20.129.0/24",
      "type": "string"
    },
    "vm_names": {
      "value": [
        "tdemo-1"
      ],
      "type": [
        "tuple",
        [
          "string"
        ]
      ]
    },
    "vnet_ids": {
      "value": [
        "tdemo0"
      ],
      "type": [
        "tuple",
        [
          "string"
        ]
      ]
    },
    "vrf_vni": {
      "value": 10001,
      "type": "number"
    }
  },
  "resources": [
    {
      "mode": "data",
      "type": "terraform_remote_state",
      "name": "fabric",
      "provider": "provider[\"terraform.io/builtin/terraform\"]",
      "instances": [
        {
          "schema_version": 0,
          "attributes": {
            "backend": "local",
            "config": {
              "value": {
                "path": "./../../../fabric/dvntm-hv02/terraform.tfstate"
              },
              "type": [
                "object",
                {
                  "path": "string"
                }
              ]
            },
            "defaults": null,
            "outputs": {
              "value": {
                "controller_id": "evpn1",
                "fabric_id": "tfab",
                "node": "pve2",
                "vtep_loopback": "10.20.255.2"
              },
              "type": [
                "object",
                {
                  "controller_id": "string",
                  "fabric_id": "string",
                  "node": "string",
                  "vtep_loopback": "string"
                }
              ]
            },
            "workspace": null
          },
          "sensitive_attributes": [],
          "identity_schema_version": 0
        }
      ]
    },
    {
      "module": "module.tenant",
      "mode": "managed",
      "type": "proxmox_sdn_applier",
      "name": "finalizer",
      "provider": "provider[\"registry.terraform.io/bpg/proxmox\"]",
      "instances": [
        {
          "schema_version": 0,
          "attributes": {
            "id": "1788179497677",
            "on_create": true,
            "on_destroy": true
          },
          "sensitive_attributes": [],
          "identity_schema_version": 0
        }
      ]
    },
    {
      "module": "module.tenant",
      "mode": "managed",
      "type": "proxmox_sdn_applier",
      "name": "tenant",
      "provider": "provider[\"registry.terraform.io/bpg/proxmox\"]",
      "instances": [
        {
          "schema_version": 0,
          "attributes": {
            "id": "1788179499832",
            "on_create": true,
            "on_destroy": true
          },
          "sensitive_attributes": [],
          "identity_schema_version": 0,
          "dependencies": [
            "data.terraform_remote_state.fabric",
            "module.tenant.proxmox_sdn_applier.finalizer",
            "module.tenant.proxmox_sdn_subnet.this",
            "module.tenant.proxmox_sdn_vnet.this",
            "module.tenant.proxmox_sdn_zone_evpn.this"
          ]
        }
      ]
    },
    {
      "module": "module.tenant",
      "mode": "managed",
      "type": "proxmox_sdn_subnet",
      "name": "this",
      "provider": "provider[\"registry.terraform.io/bpg/proxmox\"]",
      "instances": [
        {
          "schema_version": 0,
          "attributes": {
            "cidr": "10.20.129.0/24",
            "dhcp_dns_server": null,
            "dhcp_range": null,
            "dns_zone_prefix": null,
            "gateway": "10.20.129.1",
            "id": "tdemo-10.20.129.0-24",
            "snat": true,
            "vnet": "tdemo0"
          },
          "sensitive_attributes": [],
          "identity_schema_version": 0,
          "dependencies": [
            "data.terraform_remote_state.fabric",
            "module.tenant.proxmox_sdn_applier.finalizer",
            "module.tenant.proxmox_sdn_vnet.this",
            "module.tenant.proxmox_sdn_zone_evpn.this"
          ]
        }
      ]
    },
    {
      "module": "module.tenant",
      "mode": "managed",
      "type": "proxmox_sdn_vnet",
      "name": "this",
      "provider": "provider[\"registry.terraform.io/bpg/proxmox\"]",
      "instances": [
        {
          "index_key": "0",
          "schema_version": 0,
          "attributes": {
            "alias": null,
            "id": "tdemo0",
            "isolate_ports": null,
            "tag": 20010,
            "vlan_aware": null,
            "zone": "tdemo"
          },
          "sensitive_attributes": [],
          "identity_schema_version": 0,
          "dependencies": [
            "data.terraform_remote_state.fabric",
            "module.tenant.proxmox_sdn_applier.finalizer",
            "module.tenant.proxmox_sdn_zone_evpn.this"
          ]
        }
      ]
    },
    {
      "module": "module.tenant",
      "mode": "managed",
      "type": "proxmox_sdn_zone_evpn",
      "name": "this",
      "provider": "provider[\"registry.terraform.io/bpg/proxmox\"]",
      "instances": [
        {
          "schema_version": 0,
          "attributes": {
            "advertise_subnets": true,
            "controller": "evpn1",
            "disable_arp_nd_suppression": false,
            "dns": null,
            "dns_zone": null,
            "exit_nodes": [
              "pve2"
            ],
            "exit_nodes_local_routing": false,
            "id": "tdemo",
            "ipam": "pve",
            "mtu": 1450,
            "nodes": [
              "pve2"
            ],
            "pending": null,
            "primary_exit_node": "pve2",
            "reverse_dns": null,
            "rt_import": null,
            "state": null,
            "vrf_vxlan": 10001
          },
          "sensitive_attributes": [],
          "identity_schema_version": 0,
          "dependencies": [
            "data.terraform_remote_state.fabric",
            "module.tenant.proxmox_sdn_applier.finalizer"
          ]
        }
      ]
    },
    {
      "module": "module.tenant",
      "mode": "managed",
      "type": "proxmox_virtual_environment_vm",
      "name": "this",
      "provider": "provider[\"registry.terraform.io/bpg/proxmox\"]",
      "instances": [
        {
          "index_key": 0,
          "schema_version": 0,
          "attributes": {
            "acpi": true,
            "agent": [
              {
                "enabled": true,
                "timeout": "15m",
                "trim": false,
                "type": "virtio",
                "wait_for_ip": []
              }
            ],
            "amd_sev": [],
            "audio_device": [],
            "bios": "seabios",
            "boot_order": [
              "scsi0",
              "net0"
            ],
            "cdrom": [],
            "clone": [
              {
                "datastore_id": "",
                "full": true,
                "node_name": "",
                "retries": 1,
                "vm_id": 103
              }
            ],
            "cpu": [
              {
                "affinity": "",
                "architecture": "",
                "cores": 2,
                "flags": [],
                "hotplugged": 0,
                "limit": 0,
                "numa": false,
                "sockets": 1,
                "type": "host",
                "units": 0
              }
            ],
            "delete_unreferenced_disks_on_destroy": true,
            "description": null,
            "disk": [],
            "efi_disk": [],
            "hook_script_file_id": null,
            "hostpci": [],
            "hotplug": null,
            "id": "102",
            "initialization": [
              {
                "datastore_id": "local-lvm",
                "dns": [
                  {
                    "domain": "",
                    "servers": [
                      "10.20.99.1"
                    ]
                  }
                ],
                "file_format": "",
                "interface": "ide1",
                "ip_config": [
                  {
                    "ipv4": [
                      {
                        "address": "10.20.129.10/24",
                        "gateway": "10.20.129.1"
                      }
                    ],
                    "ipv6": []
                  }
                ],
                "meta_data_file_id": "",
                "network_data_file_id": "",
                "type": "",
                "upgrade": true,
                "user_account": [
                  {
                    "keys": [
                      "ssh-rsa AAAAB3NzaC1yc2EAAAADAQABAAACAQDH0P+q70lYeENaVvzv9Dikc6Pk+DSgZ7it2BMXK2k0hvYJZlJKmrwlLMhhK5y9uGRWHjrKqUQHzgmy04wyJJNqlpik3eQnz3odo1HPONfZhZPkvuZO1wN0oN42w34pW9h1ZYz09A1HjRv9N3gj4ZaaiIHG1u+SHa3ywfB3lxMIhGRM1yZAPmlKGqcEULqihvsEi9L6u9inwb6bhXwcVOkXm2KIIaJ/moWKA0XfSP3dRw4KdaU6m3V+0P0wRxmkQbT6KVTYwkz4DTCWfQ7zQFeyKaUJVlQdAEuN1UV/pJcaX2MExIG3R+k6FF8cOwECFSxWz3IjNSspLUh+Jm7ZOq8eNxdJzp4W73razcO+pL2/kL7lYwM/7wqDxq1T/J4NVJbv5rT+r2aANpcvaE7AoB8lTOYWPm+a8SmAnRwZ9aCms1z4W6WNpoTWeK2VM+Zc+6X5ZOyVlbYPKy8abEOHc0TFuGuaAfewRJ0Ovh4sL6W5BKbvBpmI9w47/NM/017GvFa3njH6rkR+tWyDby6siqvQcpSYc7czkCGRu325ewhvoTr7t3Ew5A0WLG+XzF0khsiOdXKnk7UEQC6wsmXszW94nHtdjbH8FB0A5Z9b4zvJrOFucIaU0SxHUnZKpbgvwWxLfkQ7BDs7G8RsBGQDrnD8LGsWxtaiD2W39cVcQQVwBw== a_autoprov@vdvntm-admin-01"
                    ],
                    "password": "",
                    "username": "a_autoprov"
                  }
                ],
                "user_data_file_id": "",
                "vendor_data_file_id": ""
              }
            ],
            "ipv4_addresses": [
              [
                "127.0.0.1"
              ],
              [
                "10.20.129.10"
              ]
            ],
            "ipv6_addresses": [
              [
                "::1"
              ],
              [
                "fe80::be24:11ff:fe9e:b7ac"
              ]
            ],
            "keyboard_layout": "en-us",
            "kvm_arguments": null,
            "mac_addresses": [
              "00:00:00:00:00:00",
              "BC:24:11:9E:B7:AC"
            ],
            "machine": null,
            "memory": [
              {
                "dedicated": 2048,
                "floating": 0,
                "hugepages": "",
                "keep_hugepages": false,
                "shared": 0
              }
            ],
            "migrate": false,
            "name": "tdemo-1",
            "network_device": [
              {
                "bridge": "tdemo0",
                "disconnected": false,
                "enabled": true,
                "firewall": false,
                "mac_address": "BC:24:11:9E:B7:AC",
                "model": "virtio",
                "mtu": 0,
                "queues": 0,
                "rate_limit": 0,
                "trunks": "",
                "vlan_id": 0
              }
            ],
            "network_interface_names": [
              "lo",
              "eth0"
            ],
            "node_name": "pve2",
            "numa": [],
            "on_boot": true,
            "operating_system": [],
            "pool_id": "",
            "protection": false,
            "purge_on_destroy": true,
            "reboot": false,
            "reboot_after_update": true,
            "rng": [],
            "scsi_hardware": "virtio-scsi-pci",
            "serial_device": [],
            "smbios": [],
            "started": true,
            "startup": [],
            "stop_on_destroy": false,
            "tablet_device": true,
            "tags": [
              "tdemo",
              "tenant"
            ],
            "template": false,
            "timeout_clone": 1800,
            "timeout_create": 600,
            "timeout_migrate": 1800,
            "timeout_move_disk": 1800,
            "timeout_reboot": 1800,
            "timeout_shutdown_vm": 1800,
            "timeout_start_vm": 1800,
            "timeout_stop_vm": 300,
            "tpm_state": [],
            "usb": [],
            "vga": [],
            "virtiofs": [],
            "vm_id": 102,
            "watchdog": []
          },
          "sensitive_attributes": [
            [
              {
                "type": "get_attr",
                "value": "initialization"
              },
              {
                "type": "index",
                "value": {
                  "value": 0,
                  "type": "number"
                }
              },
              {
                "type": "get_attr",
                "value": "user_account"
              },
              {
                "type": "index",
                "value": {
                  "value": 0,
                  "type": "number"
                }
              },
              {
                "type": "get_attr",
                "value": "password"
              }
            ]
          ],
          "identity_schema_version": 0,
          "private": "bnVsbA==",
          "dependencies": [
            "data.terraform_remote_state.fabric",
            "module.tenant.proxmox_sdn_applier.finalizer",
            "module.tenant.proxmox_sdn_applier.tenant",
            "module.tenant.proxmox_sdn_subnet.this",
            "module.tenant.proxmox_sdn_vnet.this",
            "module.tenant.proxmox_sdn_zone_evpn.this"
          ]
        }
      ]
    }
  ],
  "check_results": [
    {
      "object_kind": "var",
      "config_addr": "module.tenant.var.tenant_name",
      "status": "pass",
      "objects": [
        {
          "object_addr": "module.tenant.var.tenant_name",
          "status": "pass"
        }
      ]
    }
  ]
}
